
Microsoft Visual Studio Solution File, Format Version 12.00
# Visual Studio 15
VisualStudioVersion = 15.0.28307.421
MinimumVisualStudioVersion = 10.0.40219.1
Project("{2150E333-8FDC-42A3-9474-1A3956D46DE8}") = "ContactBook", "ContactBook", "{003D5536-3717-4AFA-AD8B-E7734F803C4C}"
EndProject
Project("{9A19103F-16F7-4668-BE54-9A1E7A4F7556}") = "ContactBook.Application", "ContactBook.Application\ContactBook.Application.csproj", "{EA6F6AFE-86EC-44BC-8D59-F9954E8DCD23}"
EndProject
Project("{9A19103F-16F7-4668-BE54-9A1E7A4F7556}") = "ContactBook.Core", "ContactBook.Core\ContactBook.Core.csproj", "{40547C73-2AF7-4080-A175-8650F37661FA}"
EndProject
Project("{9A19103F-16F7-4668-BE54-9A1E7A4F7556}") = "ContactBook.Data", "ContactBook.Data\ContactBook.Data.csproj", "{9A7EC60E-67FD-4C30-AB3A-2E531F49EC14}"
EndProject
Project("{2150E333-8FDC-42A3-9474-1A3956D46DE8}") = "DummyClasses", "DummyClasses", "{B9ADE29A-8C15-4366-BD19-D98F5CC6122E}"
EndProject
Project("{9A19103F-16F7-4668-BE54-9A1E7A4F7556}") = "DummyClass", "DummyClass\DummyClass.csproj", "{8806B0BC-DBEB-481A-B05A-E2610280C573}"
EndProject
Project("{2150E333-8FDC-42A3-9474-1A3956D46DE8}") = "Tests", "Tests", "{A41E5ECF-EA75-4DDC-A9D1-640030828CE1}"
EndProject
Project("{9A19103F-16F7-4668-BE54-9A1E7A4F7556}") = "TestDummyClasses", "TestDummyClasses\TestDummyClasses.csproj", "{537086EA-C6A2-4256-B3CD-A6ABCF2EF0BF}"
EndProject
Project("{2150E333-8FDC-42A3-9474-1A3956D46DE8}") = "Programming", "Programming", "{907E246A-9D4D-4366-9BA3-927F143B0BEC}"
EndProject
Project("{9A19103F-16F7-4668-BE54-9A1E7A4F7556}") = "MultipleInheritance", "MultipleInheritance\MultipleInheritance.csproj", "{1D4B99B8-1C38-4801-BA8D-A3CFAB863A4F}"
EndProject
Project("{2150E333-8FDC-42A3-9474-1A3956D46DE8}") = "WebServices", "WebServices", "{F1FD5467-311A-480C-ACA1-8A0B3B55F9F7}"
EndProject
Project("{FAE04EC0-301F-11D3-BF4B-00C04F79EFBC}") = "PeopleService", "PeopleService\PeopleService.csproj", "{0A924956-575A-43DC-ACE4-930A79FAD456}"
EndProject
Global
	GlobalSection(SolutionConfigurationPlatforms) = preSolution
		Debug|Any CPU = Debug|Any CPU
		Release|Any CPU = Release|Any CPU
	EndGlobalSection
	GlobalSection(ProjectConfigurationPlatforms) = postSolution
		{EA6F6AFE-86EC-44BC-8D59-F9954E8DCD23}.Debug|Any CPU.ActiveCfg = Debug|Any CPU
		{EA6F6AFE-86EC-44BC-8D59-F9954E8DCD23}.Debug|Any CPU.Build.0 = Debug|Any CPU
		{EA6F6AFE-86EC-44BC-8D59-F9954E8DCD23}.Release|Any CPU.ActiveCfg = Release|Any CPU
		{EA6F6AFE-86EC-44BC-8D59-F9954E8DCD23}.Release|Any CPU.Build.0 = Release|Any CPU
		{40547C73-2AF7-4080-A175-8650F37661FA}.Debug|Any CPU.ActiveCfg = Debug|Any CPU
		{40547C73-2AF7-4080-A175-8650F37661FA}.Debug|Any CPU.Build.0 = Debug|Any CPU
		{40547C73-2AF7-4080-A175-8650F37661FA}.Release|Any CPU.ActiveCfg = Release|Any CPU
		{40547C73-2AF7-4080-A175-8650F37661FA}.Release|Any CPU.Build.0 = Release|Any CPU
		{9A7EC60E-67FD-4C30-AB3A-2E531F49EC14}.Debug|Any CPU.ActiveCfg = Debug|Any CPU
		{9A7EC60E-67FD-4C30-AB3A-2E531F49EC14}.Debug|Any CPU.Build.0 = Debug|Any CPU
		{9A7EC60E-67FD-4C30-AB3A-2E531F49EC14}.Release|Any CPU.ActiveCfg = Release|Any CPU
		{9A7EC60E-67FD-4C30-AB3A-2E531F49EC14}.Release|Any CPU.Build.0 = Release|Any CPU
		{8806B0BC-DBEB-481A-B05A-E2610280C573}.Debug|Any CPU.ActiveCfg = Debug|Any CPU
		{8806B0BC-DBEB-481A-B05A-E2610280C573}.Debug|Any CPU.Build.0 = Debug|Any CPU
		{8806B0BC-DBEB-481A-B05A-E2610280C573}.Release|Any CPU.ActiveCfg = Release|Any CPU
		{8806B0BC-DBEB-481A-B05A-E2610280C573}.Release|Any CPU.Build.0 = Release|Any CPU
		{537086EA-C6A2-4256-B3CD-A6ABCF2EF0BF}.Debug|Any CPU.ActiveCfg = Debug|Any CPU
		{537086EA-C6A2-4256-B3CD-A6ABCF2EF0BF}.Debug|Any CPU.Build.0 = Debug|Any CPU
		{537086EA-C6A2-4256-B3CD-A6ABCF2EF0BF}.Release|Any CPU.ActiveCfg = Release|Any CPU
		{537086EA-C6A2-4256-B3CD-A6ABCF2EF0BF}.Release|Any CPU.Build.0 = Release|Any CPU
		{1D4B99B8-1C38-4801-BA8D-A3CFAB863A4F}.Debug|Any CPU.ActiveCfg = Debug|Any CPU
		{1D4B99B8-1C38-4801-BA8D-A3CFAB863A4F}.Debug|Any CPU.Build.0 = Debug|Any CPU
		{1D4B99B8-1C38-4801-BA8D-A3CFAB863A4F}.Release|Any CPU.ActiveCfg = Release|Any CPU
		{1D4B99B8-1C38-4801-BA8D-A3CFAB863A4F}.Release|Any CPU.Build.0 = Release|Any CPU
		{0A924956-575A-43DC-ACE4-930A79FAD456}.Debug|Any CPU.ActiveCfg = Debug|Any CPU
		{0A924956-575A-43DC-ACE4-930A79FAD456}.Debug|Any CPU.Build.0 = Debug|Any CPU
		{0A924956-575A-43DC-ACE4-930A79FAD456}.Release|Any CPU.ActiveCfg = Release|Any CPU
		{0A924956-575A-43DC-ACE4-930A79FAD456}.Release|Any CPU.Build.0 = Release|Any CPU
	EndGlobalSection
	GlobalSection(SolutionProperties) = preSolution
		HideSolutionNode = FALSE
	EndGlobalSection
	GlobalSection(NestedProjects) = preSolution
		{EA6F6AFE-86EC-44BC-8D59-F9954E8DCD23} = {003D5536-3717-4AFA-AD8B-E7734F803C4C}
		{40547C73-2AF7-4080-A175-8650F37661FA} = {003D5536-3717-4AFA-AD8B-E7734F803C4C}
		{9A7EC60E-67FD-4C30-AB3A-2E531F49EC14} = {003D5536-3717-4AFA-AD8B-E7734F803C4C}
		{8806B0BC-DBEB-481A-B05A-E2610280C573} = {B9ADE29A-8C15-4366-BD19-D98F5CC6122E}
		{537086EA-C6A2-4256-B3CD-A6ABCF2EF0BF} = {A41E5ECF-EA75-4DDC-A9D1-640030828CE1}
		{1D4B99B8-1C38-4801-BA8D-A3CFAB863A4F} = {907E246A-9D4D-4366-9BA3-927F143B0BEC}
		{0A924956-575A-43DC-ACE4-930A79FAD456} = {F1FD5467-311A-480C-ACA1-8A0B3B55F9F7}
	EndGlobalSection
	GlobalSection(ExtensibilityGlobals) = postSolution
		SolutionGuid = {D1B37316-41CD-47F0-84E3-42556D271CFF}
	EndGlobalSection
EndGlobal
